
Microsoft Visual Studio Solution File, Format Version 12.00
# Visual Studio Version 16
VisualStudioVersion = 16.0.30320.27
MinimumVisualStudioVersion = 10.0.40219.1
Project("{FAE04EC0-301F-11D3-BF4B-00C04F79EFBC}") = "DotSkypeLib", "DotSkypeLib\DotSkypeLib.csproj", "{C1FB64BA-25C8-4D52-BDFC-B8A8589487FF}"
EndProject
Project("{FAE04EC0-301F-11D3-BF4B-00C04F79EFBC}") = "DotSkypeLibSample", "DotSkypeLibSample\DotSkypeLibSample.csproj", "{8243CBB5-7A6D-4E6C-A7E3-9505DECCB804}"
EndProject
Global
	GlobalSection(SolutionConfigurationPlatforms) = preSolution
		Debug|Any CPU = Debug|Any CPU
		Release|Any CPU = Release|Any CPU
	EndGlobalSection
	GlobalSection(ProjectConfigurationPlatforms) = postSolution
		{C1FB64BA-25C8-4D52-BDFC-B8A8589487FF}.Debug|Any CPU.ActiveCfg = Debug|Any CPU
		{C1FB64BA-25C8-4D52-BDFC-B8A8589487FF}.Debug|Any CPU.Build.0 = Debug|Any CPU
		{C1FB64BA-25C8-4D52-BDFC-B8A8589487FF}.Release|Any CPU.ActiveCfg = Release|Any CPU
		{C1FB64BA-25C8-4D52-BDFC-B8A8589487FF}.Release|Any CPU.Build.0 = Release|Any CPU
		{8243CBB5-7A6D-4E6C-A7E3-9505DECCB804}.Debug|Any CPU.ActiveCfg = Debug|Any CPU
		{8243CBB5-7A6D-4E6C-A7E3-9505DECCB804}.Debug|Any CPU.Build.0 = Debug|Any CPU
		{8243CBB5-7A6D-4E6C-A7E3-9505DECCB804}.Release|Any CPU.ActiveCfg = Release|Any CPU
		{8243CBB5-7A6D-4E6C-A7E3-9505DECCB804}.Release|Any CPU.Build.0 = Release|Any CPU
	EndGlobalSection
	GlobalSection(SolutionProperties) = preSolution
		HideSolutionNode = FALSE
	EndGlobalSection
	GlobalSection(ExtensibilityGlobals) = postSolution
		SolutionGuid = {2A581E28-A154-4B6E-BFB4-E8E00ADCB469}
	EndGlobalSection
EndGlobal
